
Microsoft Visual Studio Solution File, Format Version 12.00
# Visual Studio Version 17
VisualStudioVersion = 17.12.35527.113
MinimumVisualStudioVersion = 10.0.40219.1
Project("{FAE04EC0-301F-11D3-BF4B-00C04F79EFBC}") = "HelloWorld", "HelloWorld\HelloWorld.csproj", "{3782F1E0-B34B-42D5-B00C-8C9563EF4169}"
EndProject
Project("{2150E333-8FDC-42A3-9474-1A3956D46DE8}") = "Solution Items", "Solution Items", "{0F54BA32-8CD1-4072-AC2D-2674FB59794F}"
	ProjectSection(SolutionItems) = preProject
		.editorconfig = .editorconfig
	EndProjectSection
EndProject
Global
	GlobalSection(SolutionConfigurationPlatforms) = preSolution
		Debug|Any CPU = Debug|Any CPU
		Release|Any CPU = Release|Any CPU
	EndGlobalSection
	GlobalSection(ProjectConfigurationPlatforms) = postSolution
		{3782F1E0-B34B-42D5-B00C-8C9563EF4169}.Debug|Any CPU.ActiveCfg = Debug|Any CPU
		{3782F1E0-B34B-42D5-B00C-8C9563EF4169}.Debug|Any CPU.Build.0 = Debug|Any CPU
		{3782F1E0-B34B-42D5-B00C-8C9563EF4169}.Release|Any CPU.ActiveCfg = Release|Any CPU
		{3782F1E0-B34B-42D5-B00C-8C9563EF4169}.Release|Any CPU.Build.0 = Release|Any CPU
	EndGlobalSection
	GlobalSection(SolutionProperties) = preSolution
		HideSolutionNode = FALSE
	EndGlobalSection
EndGlobal
